Microsoft Visual Studio Solution File, Format Version 12.00
# Visual Studio 15
VisualStudioVersion = 15.0.25920.0
MinimumVisualStudioVersion = 10.0.40219.1
Project("{9A19103F-16F7-4668-BE54-9A1E7A4F7556}") = "Cosmos.IL2CPU.Plugs", "Cosmos.IL2CPU.Plugs\Cosmos.IL2CPU.Plugs.csproj", "{C801F19C-A9D3-42D5-9A57-9FFDF9B4D05E}"
EndProject
Project("{2150E333-8FDC-42A3-9474-1A3956D46DE8}") = "Kernel", "Kernel", "{426E77A5-80AA-48DC-97F9-037071345778}"
EndProject
Project("{9A19103F-16F7-4668-BE54-9A1E7A4F7556}") = "Cosmos.Core", "Cosmos.Core\Cosmos.Core.csproj", "{5AC4773C-CB4E-4CD9-8D50-02E10A07DEE6}"
EndProject
Project("{9A19103F-16F7-4668-BE54-9A1E7A4F7556}") = "Cosmos.HAL", "Cosmos.HAL\Cosmos.HAL.csproj", "{6A991D03-1435-4005-9809-B8BACDF3B021}"
EndProject
Project("{9A19103F-16F7-4668-BE54-9A1E7A4F7556}") = "Cosmos.System.Plugs", "Cosmos.System.Plugs\Cosmos.System.Plugs.csproj", "{7C64B97F-516D-4A6D-B9E1-3FE48F561409}"
EndProject
Project("{9A19103F-16F7-4668-BE54-9A1E7A4F7556}") = "Cosmos.Core.Plugs", "Cosmos.Core.Plugs\Cosmos.Core.Plugs.csproj", "{D9A87AAD-FCC9-4517-B31D-E904DAD00784}"
EndProject
Project("{9A19103F-16F7-4668-BE54-9A1E7A4F7556}") = "Cosmos.Debug.Kernel", "Cosmos.Debug.Kernel\Cosmos.Debug.Kernel.csproj", "{61607F1E-58F9-41CF-972F-128384F3E115}"
EndProject
Project("{2150E333-8FDC-42A3-9474-1A3956D46DE8}") = "Debug", "Debug", "{E3779B95-E47B-4CAD-B8C1-0549E30AA4F2}"
EndProject
Project("{2150E333-8FDC-42A3-9474-1A3956D46DE8}") = "Common", "Common", "{CDF13174-7897-4334-9AE4-B1DCC013F6BD}"
EndProject
Project("{9A19103F-16F7-4668-BE54-9A1E7A4F7556}") = "Cosmos.Common", "Cosmos.Common\Cosmos.Common.csproj", "{1FAC100C-D732-4EA4-B518-5AF4BAF64F2E}"
EndProject
Project("{2150E333-8FDC-42A3-9474-1A3956D46DE8}") = "Compiler", "Compiler", "{6A15C540-8278-4B9C-B890-FA57FB6AE6A6}"
EndProject
Project("{2150E333-8FDC-42A3-9474-1A3956D46DE8}") = "0 Core", "0 Core", "{15BD4414-BFF1-4F5E-9891-EBF5687A8F66}"
EndProject
Project("{2150E333-8FDC-42A3-9474-1A3956D46DE8}") = "1 HAL", "1 HAL", "{68875292-4A34-4A07-9BAA-06AA7DB26124}"
EndProject
Project("{2150E333-8FDC-42A3-9474-1A3956D46DE8}") = "2 System", "2 System", "{04CECC6E-BD09-4732-8408-ADCBC23DC2FF}"
EndProject
Project("{9A19103F-16F7-4668-BE54-9A1E7A4F7556}") = "Cosmos.System", "Cosmos.System\Cosmos.System.csproj", "{3DEF0461-08AB-471A-8F03-A9C556652A0F}"
EndProject
Project("{9A19103F-16F7-4668-BE54-9A1E7A4F7556}") = "Cosmos.Core.Memory", "Cosmos.Core.Memory\Cosmos.Core.Memory.csproj", "{84BFA6F0-D518-4D22-BDCF-E07DF3C0E678}"
EndProject
Project("{9A19103F-16F7-4668-BE54-9A1E7A4F7556}") = "Cosmos.Core.Common", "Cosmos.Core.Common\Cosmos.Core.Common.csproj", "{AE22ED7D-939C-47F0-A48B-9DCF6FC83C6C}"
EndProject
Global
	GlobalSection(SolutionConfigurationPlatforms) = preSolution
		Debug|Any CPU = Debug|Any CPU
		Release|Any CPU = Release|Any CPU
	EndGlobalSection
	GlobalSection(ProjectConfigurationPlatforms) = postSolution
		{C801F19C-A9D3-42D5-9A57-9FFDF9B4D05E}.Debug|Any CPU.ActiveCfg = Debug|Any CPU
		{C801F19C-A9D3-42D5-9A57-9FFDF9B4D05E}.Debug|Any CPU.Build.0 = Debug|Any CPU
		{C801F19C-A9D3-42D5-9A57-9FFDF9B4D05E}.Release|Any CPU.ActiveCfg = Release|Any CPU
		{C801F19C-A9D3-42D5-9A57-9FFDF9B4D05E}.Release|Any CPU.Build.0 = Release|Any CPU
		{5AC4773C-CB4E-4CD9-8D50-02E10A07DEE6}.Debug|Any CPU.ActiveCfg = Debug|Any CPU
		{5AC4773C-CB4E-4CD9-8D50-02E10A07DEE6}.Debug|Any CPU.Build.0 = Debug|Any CPU
		{5AC4773C-CB4E-4CD9-8D50-02E10A07DEE6}.Release|Any CPU.ActiveCfg = Release|Any CPU
		{5AC4773C-CB4E-4CD9-8D50-02E10A07DEE6}.Release|Any CPU.Build.0 = Release|Any CPU
		{6A991D03-1435-4005-9809-B8BACDF3B021}.Debug|Any CPU.ActiveCfg = Debug|Any CPU
		{6A991D03-1435-4005-9809-B8BACDF3B021}.Debug|Any CPU.Build.0 = Debug|Any CPU
		{6A991D03-1435-4005-9809-B8BACDF3B021}.Release|Any CPU.ActiveCfg = Release|Any CPU
		{6A991D03-1435-4005-9809-B8BACDF3B021}.Release|Any CPU.Build.0 = Release|Any CPU
		{7C64B97F-516D-4A6D-B9E1-3FE48F561409}.Debug|Any CPU.ActiveCfg = Debug|Any CPU
		{7C64B97F-516D-4A6D-B9E1-3FE48F561409}.Debug|Any CPU.Build.0 = Debug|Any CPU
		{7C64B97F-516D-4A6D-B9E1-3FE48F561409}.Release|Any CPU.ActiveCfg = Release|Any CPU
		{7C64B97F-516D-4A6D-B9E1-3FE48F561409}.Release|Any CPU.Build.0 = Release|Any CPU
		{D9A87AAD-FCC9-4517-B31D-E904DAD00784}.Debug|Any CPU.ActiveCfg = Debug|Any CPU
		{D9A87AAD-FCC9-4517-B31D-E904DAD00784}.Debug|Any CPU.Build.0 = Debug|Any CPU
		{D9A87AAD-FCC9-4517-B31D-E904DAD00784}.Release|Any CPU.ActiveCfg = Release|Any CPU
		{D9A87AAD-FCC9-4517-B31D-E904DAD00784}.Release|Any CPU.Build.0 = Release|Any CPU
		{61607F1E-58F9-41CF-972F-128384F3E115}.Debug|Any CPU.ActiveCfg = Debug|Any CPU
		{61607F1E-58F9-41CF-972F-128384F3E115}.Debug|Any CPU.Build.0 = Debug|Any CPU
		{61607F1E-58F9-41CF-972F-128384F3E115}.Release|Any CPU.ActiveCfg = Release|Any CPU
		{61607F1E-58F9-41CF-972F-128384F3E115}.Release|Any CPU.Build.0 = Release|Any CPU
		{1FAC100C-D732-4EA4-B518-5AF4BAF64F2E}.Debug|Any CPU.ActiveCfg = Debug|Any CPU
		{1FAC100C-D732-4EA4-B518-5AF4BAF64F2E}.Debug|Any CPU.Build.0 = Debug|Any CPU
		{1FAC100C-D732-4EA4-B518-5AF4BAF64F2E}.Release|Any CPU.ActiveCfg = Release|Any CPU
		{1FAC100C-D732-4EA4-B518-5AF4BAF64F2E}.Release|Any CPU.Build.0 = Release|Any CPU
		{3DEF0461-08AB-471A-8F03-A9C556652A0F}.Debug|Any CPU.ActiveCfg = Debug|Any CPU
		{3DEF0461-08AB-471A-8F03-A9C556652A0F}.Debug|Any CPU.Build.0 = Debug|Any CPU
		{3DEF0461-08AB-471A-8F03-A9C556652A0F}.Release|Any CPU.ActiveCfg = Release|Any CPU
		{3DEF0461-08AB-471A-8F03-A9C556652A0F}.Release|Any CPU.Build.0 = Release|Any CPU
		{84BFA6F0-D518-4D22-BDCF-E07DF3C0E678}.Debug|Any CPU.ActiveCfg = Debug|Any CPU
		{84BFA6F0-D518-4D22-BDCF-E07DF3C0E678}.Debug|Any CPU.Build.0 = Debug|Any CPU
		{84BFA6F0-D518-4D22-BDCF-E07DF3C0E678}.Release|Any CPU.ActiveCfg = Release|Any CPU
		{84BFA6F0-D518-4D22-BDCF-E07DF3C0E678}.Release|Any CPU.Build.0 = Release|Any CPU
		{AE22ED7D-939C-47F0-A48B-9DCF6FC83C6C}.Debug|Any CPU.ActiveCfg = Debug|Any CPU
		{AE22ED7D-939C-47F0-A48B-9DCF6FC83C6C}.Debug|Any CPU.Build.0 = Debug|Any CPU
		{AE22ED7D-939C-47F0-A48B-9DCF6FC83C6C}.Release|Any CPU.ActiveCfg = Release|Any CPU
		{AE22ED7D-939C-47F0-A48B-9DCF6FC83C6C}.Release|Any CPU.Build.0 = Release|Any CPU
	EndGlobalSection
	GlobalSection(SolutionProperties) = preSolution
		HideSolutionNode = FALSE
	EndGlobalSection
	GlobalSection(NestedProjects) = preSolution
		{C801F19C-A9D3-42D5-9A57-9FFDF9B4D05E} = {6A15C540-8278-4B9C-B890-FA57FB6AE6A6}
		{5AC4773C-CB4E-4CD9-8D50-02E10A07DEE6} = {15BD4414-BFF1-4F5E-9891-EBF5687A8F66}
		{6A991D03-1435-4005-9809-B8BACDF3B021} = {68875292-4A34-4A07-9BAA-06AA7DB26124}
		{7C64B97F-516D-4A6D-B9E1-3FE48F561409} = {04CECC6E-BD09-4732-8408-ADCBC23DC2FF}
		{D9A87AAD-FCC9-4517-B31D-E904DAD00784} = {15BD4414-BFF1-4F5E-9891-EBF5687A8F66}
		{61607F1E-58F9-41CF-972F-128384F3E115} = {E3779B95-E47B-4CAD-B8C1-0549E30AA4F2}
		{E3779B95-E47B-4CAD-B8C1-0549E30AA4F2} = {426E77A5-80AA-48DC-97F9-037071345778}
		{CDF13174-7897-4334-9AE4-B1DCC013F6BD} = {426E77A5-80AA-48DC-97F9-037071345778}
		{1FAC100C-D732-4EA4-B518-5AF4BAF64F2E} = {CDF13174-7897-4334-9AE4-B1DCC013F6BD}
		{15BD4414-BFF1-4F5E-9891-EBF5687A8F66} = {426E77A5-80AA-48DC-97F9-037071345778}
		{68875292-4A34-4A07-9BAA-06AA7DB26124} = {426E77A5-80AA-48DC-97F9-037071345778}
		{04CECC6E-BD09-4732-8408-ADCBC23DC2FF} = {426E77A5-80AA-48DC-97F9-037071345778}
		{3DEF0461-08AB-471A-8F03-A9C556652A0F} = {04CECC6E-BD09-4732-8408-ADCBC23DC2FF}
		{84BFA6F0-D518-4D22-BDCF-E07DF3C0E678} = {15BD4414-BFF1-4F5E-9891-EBF5687A8F66}
		{AE22ED7D-939C-47F0-A48B-9DCF6FC83C6C} = {15BD4414-BFF1-4F5E-9891-EBF5687A8F66}
	EndGlobalSection
EndGlobal
